{
  "name": "states-utils",
  "version": "1.0.10",
  "lockfileVersion": 1,
  "requires": true,
  "dependencies": {
    "node-ratify": {
      "version": "1.1.32",
      "resolved": "https://registry.npmjs.org/node-ratify/-/node-ratify-1.1.32.tgz",
      "integrity": "sha1-OVeDfyyu2Du2G5mS21N9BSHbLfU="
    }
  }
}
